
Microsoft Visual Studio Solution File, Format Version 12.00
# Visual Studio Version 16
VisualStudioVersion = 16.0.30611.23
MinimumVisualStudioVersion = 10.0.40219.1
Project("{FAE04EC0-301F-11D3-BF4B-00C04F79EFBC}") = "POS_Admin", "POS_Admin\POS_Admin.csproj", "{E15F11FE-475B-42C8-BA30-9AA39A6297CF}"
EndProject
Project("{FAE04EC0-301F-11D3-BF4B-00C04F79EFBC}") = "Entities", "Entities\Entities.csproj", "{532C2336-3B90-4E45-A1D5-7D649F403921}"
EndProject
Project("{FAE04EC0-301F-11D3-BF4B-00C04F79EFBC}") = "DAO", "DAO\DAO.csproj", "{E94C4594-1D7D-4236-A2F9-C07ECB0480BD}"
EndProject
Project("{FAE04EC0-301F-11D3-BF4B-00C04F79EFBC}") = "Services", "Services\Services.csproj", "{4C24DE48-10C4-4ADF-ABF9-612F9B19810F}"
EndProject
Global
	GlobalSection(SolutionConfigurationPlatforms) = preSolution
		Debug|Any CPU = Debug|Any CPU
		Release|Any CPU = Release|Any CPU
	EndGlobalSection
	GlobalSection(ProjectConfigurationPlatforms) = postSolution
		{E15F11FE-475B-42C8-BA30-9AA39A6297CF}.Debug|Any CPU.ActiveCfg = Debug|Any CPU
		{E15F11FE-475B-42C8-BA30-9AA39A6297CF}.Debug|Any CPU.Build.0 = Debug|Any CPU
		{E15F11FE-475B-42C8-BA30-9AA39A6297CF}.Release|Any CPU.ActiveCfg = Release|Any CPU
		{E15F11FE-475B-42C8-BA30-9AA39A6297CF}.Release|Any CPU.Build.0 = Release|Any CPU
		{532C2336-3B90-4E45-A1D5-7D649F403921}.Debug|Any CPU.ActiveCfg = Debug|Any CPU
		{532C2336-3B90-4E45-A1D5-7D649F403921}.Debug|Any CPU.Build.0 = Debug|Any CPU
		{532C2336-3B90-4E45-A1D5-7D649F403921}.Release|Any CPU.ActiveCfg = Release|Any CPU
		{532C2336-3B90-4E45-A1D5-7D649F403921}.Release|Any CPU.Build.0 = Release|Any CPU
		{E94C4594-1D7D-4236-A2F9-C07ECB0480BD}.Debug|Any CPU.ActiveCfg = Debug|Any CPU
		{E94C4594-1D7D-4236-A2F9-C07ECB0480BD}.Debug|Any CPU.Build.0 = Debug|Any CPU
		{E94C4594-1D7D-4236-A2F9-C07ECB0480BD}.Release|Any CPU.ActiveCfg = Release|Any CPU
		{E94C4594-1D7D-4236-A2F9-C07ECB0480BD}.Release|Any CPU.Build.0 = Release|Any CPU
		{4C24DE48-10C4-4ADF-ABF9-612F9B19810F}.Debug|Any CPU.ActiveCfg = Debug|Any CPU
		{4C24DE48-10C4-4ADF-ABF9-612F9B19810F}.Debug|Any CPU.Build.0 = Debug|Any CPU
		{4C24DE48-10C4-4ADF-ABF9-612F9B19810F}.Release|Any CPU.ActiveCfg = Release|Any CPU
		{4C24DE48-10C4-4ADF-ABF9-612F9B19810F}.Release|Any CPU.Build.0 = Release|Any CPU
	EndGlobalSection
	GlobalSection(SolutionProperties) = preSolution
		HideSolutionNode = FALSE
	EndGlobalSection
	GlobalSection(ExtensibilityGlobals) = postSolution
		SolutionGuid = {434ECAEE-F7DE-485A-8F83-D5155084B808}
	EndGlobalSection
EndGlobal
